// !$*UTF8*$!
{
	archiveVersion = 1;
	classes = {
	};
	objectVersion = 48;
	objects = {

/* Begin PBXBuildFile section */
		1E73563A877F30A5C085A7D0 /* libPods-iOSExerciseUITests.a in Frameworks */ = {isa = PBXBuildFile; fileRef = B2D331885DB56A325C374FDA /* libPods-iOSExerciseUITests.a */; };
		4428C818A83A059109509D06 /* libPods-iOSExercise.a in Frameworks */ = {isa = PBXBuildFile; fileRef = 2A33E335F6248BD629896864 /* libPods-iOSExercise.a */; };
		5527CFFE7F993E8A293A28C1 /* libPods-iOSExerciseTests.a in Frameworks */ = {isa = PBXBuildFile; fileRef = FA64442B8BB8EF3FB54FF3EA /* libPods-iOSExerciseTests.a */; };
		A0C52CB120B1A060004337F8 /* Assets.xcassets in Resources */ = {isa = PBXBuildFile; fileRef = A0C52CB020B1A060004337F8 /* Assets.xcassets */; };
		A0C52CB420B1A060004337F8 /* LaunchScreen.storyboard in Resources */ = {isa = PBXBuildFile; fileRef = A0C52CB220B1A060004337F8 /* LaunchScreen.storyboard */; };
		A0C52CB720B1A060004337F8 /* main.m in Sources */ = {isa = PBXBuildFile; fileRef = A0C52CB620B1A060004337F8 /* main.m */; };
		A0C52CC120B1A061004337F8 /* iOSExerciseTests.m in Sources */ = {isa = PBXBuildFile; fileRef = A0C52CC020B1A061004337F8 /* iOSExerciseTests.m */; };
		A0C52CCC20B1A061004337F8 /* iOSExerciseUITests.m in Sources */ = {isa = PBXBuildFile; fileRef = A0C52CCB20B1A061004337F8 /* iOSExerciseUITests.m */; };
		A0C52D0420B1B8A2004337F8 /* AppDelegate.m in Sources */ = {isa = PBXBuildFile; fileRef = A0C52D0320B1B8A2004337F8 /* AppDelegate.m */; };
		A0C52D0920B1B8B6004337F8 /* DropboxContentViewController.m in Sources */ = {isa = PBXBuildFile; fileRef = A0C52D0720B1B8B6004337F8 /* DropboxContentViewController.m */; };
		A0C52D1F20B1B984004337F8 /* DataContent.m in Sources */ = {isa = PBXBuildFile; fileRef = A0C52D1920B1B984004337F8 /* DataContent.m */; };
		A0C52D2020B1B984004337F8 /* Dropbox.json in Resources */ = {isa = PBXBuildFile; fileRef = A0C52D1A20B1B984004337F8 /* Dropbox.json */; };
		A0C52D2120B1B984004337F8 /* DropBoxTableViewCell.m in Sources */ = {isa = PBXBuildFile; fileRef = A0C52D1C20B1B984004337F8 /* DropBoxTableViewCell.m */; };
		A0C52D2220B1B984004337F8 /* JsonData.m in Sources */ = {isa = PBXBuildFile; fileRef = A0C52D1E20B1B984004337F8 /* JsonData.m */; };
/* End PBXBuildFile section */

/* Begin PBXContainerItemProxy section */
		A0C52CBD20B1A061004337F8 /* PBXContainerItemProxy */ = {
			isa = PBXContainerItemProxy;
			containerPortal = A0C52C9C20B1A060004337F8 /* Project object */;
			proxyType = 1;
			remoteGlobalIDString = A0C52CA320B1A060004337F8;
			remoteInfo = iOSExercise;
		};
		A0C52CC820B1A061004337F8 /* PBXContainerItemProxy */ = {
			isa = PBXContainerItemProxy;
			containerPortal = A0C52C9C20B1A060004337F8 /* Project object */;
			proxyType = 1;
			remoteGlobalIDString = A0C52CA320B1A060004337F8;
			remoteInfo = iOSExercise;
		};
/* End PBXContainerItemProxy section */

/* Begin PBXFileReference section */
		115223DC49AA41CBFBC64BD6 /* Pods-iOSExerciseUITests.release.xcconfig */ = {isa = PBXFileReference; includeInIndex = 1; lastKnownFileType = text.xcconfig; name = "Pods-iOSExerciseUITests.release.xcconfig"; path = "Pods/Target Support Files/Pods-iOSExerciseUITests/Pods-iOSExerciseUITests.release.xcconfig"; sourceTree = "<group>"; };
		1CA9A8761B7A8FD9B6F62AD6 /* Pods-iOSExercise.debug.xcconfig */ = {isa = PBXFileReference; includeInIndex = 1; lastKnownFileType = text.xcconfig; name = "Pods-iOSExercise.debug.xcconfig"; path = "Pods/Target Support Files/Pods-iOSExercise/Pods-iOSExercise.debug.xcconfig"; sourceTree = "<group>"; };
		2A33E335F6248BD629896864 /* libPods-iOSExercise.a */ = {isa = PBXFileReference; explicitFileType = archive.ar; includeInIndex = 0; path = "libPods-iOSExercise.a"; sourceTree = BUILT_PRODUCTS_DIR; };
		2DB78E299676D34F08656139 /* Pods-iOSExerciseTests.debug.xcconfig */ = {isa = PBXFileReference; includeInIndex = 1; lastKnownFileType = text.xcconfig; name = "Pods-iOSExerciseTests.debug.xcconfig"; path = "Pods/Target Support Files/Pods-iOSExerciseTests/Pods-iOSExerciseTests.debug.xcconfig"; sourceTree = "<group>"; };
		6B0972F3192CC46273FCBA21 /* Pods-iOSExercise.release.xcconfig */ = {isa = PBXFileReference; includeInIndex = 1; lastKnownFileType = text.xcconfig; name = "Pods-iOSExercise.release.xcconfig"; path = "Pods/Target Support Files/Pods-iOSExercise/Pods-iOSExercise.release.xcconfig"; sourceTree = "<group>"; };
		A0C52CA420B1A060004337F8 /* iOSExercise.app */ = {isa = PBXFileReference; explicitFileType = wrapper.application; includeInIndex = 0; path = iOSExercise.app; sourceTree = BUILT_PRODUCTS_DIR; };
		A0C52CB020B1A060004337F8 /* Assets.xcassets */ = {isa = PBXFileReference; lastKnownFileType = folder.assetcatalog; path = Assets.xcassets; sourceTree = "<group>"; };
		A0C52CB320B1A060004337F8 /* Base */ = {isa = PBXFileReference; lastKnownFileType = file.storyboard; name = Base; path = Base.lproj/LaunchScreen.storyboard; sourceTree = "<group>"; };
		A0C52CB520B1A060004337F8 /* Info.plist */ = {isa = PBXFileReference; lastKnownFileType = text.plist.xml; path = Info.plist; sourceTree = "<group>"; };
		A0C52CB620B1A060004337F8 /* main.m */ = {isa = PBXFileReference; lastKnownFileType = sourcecode.c.objc; path = main.m; sourceTree = "<group>"; };
		A0C52CBC20B1A061004337F8 /* iOSExerciseTests.xctest */ = {isa = PBXFileReference; explicitFileType = wrapper.cfbundle; includeInIndex = 0; path = iOSExerciseTests.xctest; sourceTree = BUILT_PRODUCTS_DIR; };
		A0C52CC020B1A061004337F8 /* iOSExerciseTests.m */ = {isa = PBXFileReference; lastKnownFileType = sourcecode.c.objc; path = iOSExerciseTests.m; sourceTree = "<group>"; };
		A0C52CC220B1A061004337F8 /* Info.plist */ = {isa = PBXFileReference; lastKnownFileType = text.plist.xml; path = Info.plist; sourceTree = "<group>"; };
		A0C52CC720B1A061004337F8 /* iOSExerciseUITests.xctest */ = {isa = PBXFileReference; explicitFileType = wrapper.cfbundle; includeInIndex = 0; path = iOSExerciseUITests.xctest; sourceTree = BUILT_PRODUCTS_DIR; };
		A0C52CCB20B1A061004337F8 /* iOSExerciseUITests.m */ = {isa = PBXFileReference; lastKnownFileType = sourcecode.c.objc; path = iOSExerciseUITests.m; sourceTree = "<group>"; };
		A0C52CCD20B1A061004337F8 /* Info.plist */ = {isa = PBXFileReference; lastKnownFileType = text.plist.xml; path = Info.plist; sourceTree = "<group>"; };
		A0C52D0220B1B8A2004337F8 /* AppDelegate.h */ = {isa = PBXFileReference; fileEncoding = 4; lastKnownFileType = sourcecode.c.h; path = AppDelegate.h; sourceTree = "<group>"; };
		A0C52D0320B1B8A2004337F8 /* AppDelegate.m */ = {isa = PBXFileReference; fileEncoding = 4; lastKnownFileType = sourcecode.c.objc; path = AppDelegate.m; sourceTree = "<group>"; };
		A0C52D0620B1B8B6004337F8 /* DropboxContentViewController.h */ = {isa = PBXFileReference; fileEncoding = 4; lastKnownFileType = sourcecode.c.h; path = DropboxContentViewController.h; sourceTree = "<group>"; };
		A0C52D0720B1B8B6004337F8 /* DropboxContentViewController.m */ = {isa = PBXFileReference; fileEncoding = 4; lastKnownFileType = sourcecode.c.objc; path = DropboxContentViewController.m; sourceTree = "<group>"; };
		A0C52D1820B1B984004337F8 /* DataContent.h */ = {isa = PBXFileReference; fileEncoding = 4; lastKnownFileType = sourcecode.c.h; path = DataContent.h; sourceTree = "<group>"; };
		A0C52D1920B1B984004337F8 /* DataContent.m */ = {isa = PBXFileReference; fileEncoding = 4; lastKnownFileType = sourcecode.c.objc; path = DataContent.m; sourceTree = "<group>"; };
		A0C52D1A20B1B984004337F8 /* Dropbox.json */ = {isa = PBXFileReference; fileEncoding = 4; lastKnownFileType = text.json; path = Dropbox.json; sourceTree = "<group>"; };
		A0C52D1B20B1B984004337F8 /* DropBoxTableViewCell.h */ = {isa = PBXFileReference; fileEncoding = 4; lastKnownFileType = sourcecode.c.h; path = DropBoxTableViewCell.h; sourceTree = "<group>"; };
		A0C52D1C20B1B984004337F8 /* DropBoxTableViewCell.m */ = {isa = PBXFileReference; fileEncoding = 4; lastKnownFileType = sourcecode.c.objc; path = DropBoxTableViewCell.m; sourceTree = "<group>"; };
		A0C52D1D20B1B984004337F8 /* JsonData.h */ = {isa = PBXFileReference; fileEncoding = 4; lastKnownFileType = sourcecode.c.h; path = JsonData.h; sourceTree = "<group>"; };
		A0C52D1E20B1B984004337F8 /* JsonData.m */ = {isa = PBXFileReference; fileEncoding = 4; lastKnownFileType = sourcecode.c.objc; path = JsonData.m; sourceTree = "<group>"; };
		B2D331885DB56A325C374FDA /* libPods-iOSExerciseUITests.a */ = {isa = PBXFileReference; explicitFileType = archive.ar; includeInIndex = 0; path = "libPods-iOSExerciseUITests.a"; sourceTree = BUILT_PRODUCTS_DIR; };
		E1209642DA28AF4A6EE361F6 /* Pods-iOSExerciseTests.release.xcconfig */ = {isa = PBXFileReference; includeInIndex = 1; lastKnownFileType = text.xcconfig; name = "Pods-iOSExerciseTests.release.xcconfig"; path = "Pods/Target Support Files/Pods-iOSExerciseTests/Pods-iOSExerciseTests.release.xcconfig"; sourceTree = "<group>"; };
		EEBBD2E791C425061623259B /* Pods-iOSExerciseUITests.debug.xcconfig */ = {isa = PBXFileReference; includeInIndex = 1; lastKnownFileType = text.xcconfig; name = "Pods-iOSExerciseUITests.debug.xcconfig"; path = "Pods/Target Support Files/Pods-iOSExerciseUITests/Pods-iOSExerciseUITests.debug.xcconfig"; sourceTree = "<group>"; };
		FA64442B8BB8EF3FB54FF3EA /* libPods-iOSExerciseTests.a */ = {isa = PBXFileReference; explicitFileType = archive.ar; includeInIndex = 0; path = "libPods-iOSExerciseTests.a"; sourceTree = BUILT_PRODUCTS_DIR; };
/* End PBXFileReference section */

/* Begin PBXFrameworksBuildPhase section */
		A0C52CA120B1A060004337F8 /* Frameworks */ = {
			isa = PBXFrameworksBuildPhase;
			buildActionMask = 2147483647;
			files = (
				4428C818A83A059109509D06 /* libPods-iOSExercise.a in Frameworks */,
			);
			runOnlyForDeploymentPostprocessing = 0;
		};
		A0C52CB920B1A061004337F8 /* Frameworks */ = {
			isa = PBXFrameworksBuildPhase;
			buildActionMask = 2147483647;
			files = (
				5527CFFE7F993E8A293A28C1 /* libPods-iOSExerciseTests.a in Frameworks */,
			);
			runOnlyForDeploymentPostprocessing = 0;
		};
		A0C52CC420B1A061004337F8 /* Frameworks */ = {
			isa = PBXFrameworksBuildPhase;
			buildActionMask = 2147483647;
			files = (
				1E73563A877F30A5C085A7D0 /* libPods-iOSExerciseUITests.a in Frameworks */,
			);
			runOnlyForDeploymentPostprocessing = 0;
		};
/* End PBXFrameworksBuildPhase section */

/* Begin PBXGroup section */
		0F94A50089D7B9CD7425140F /* Frameworks */ = {
			isa = PBXGroup;
			children = (
				2A33E335F6248BD629896864 /* libPods-iOSExercise.a */,
				FA64442B8BB8EF3FB54FF3EA /* libPods-iOSExerciseTests.a */,
				B2D331885DB56A325C374FDA /* libPods-iOSExerciseUITests.a */,
			);
			name = Frameworks;
			sourceTree = "<group>";
		};
		9856756289BC1D9B290B9BFF /* Pods */ = {
			isa = PBXGroup;
			children = (
				1CA9A8761B7A8FD9B6F62AD6 /* Pods-iOSExercise.debug.xcconfig */,
				6B0972F3192CC46273FCBA21 /* Pods-iOSExercise.release.xcconfig */,
				2DB78E299676D34F08656139 /* Pods-iOSExerciseTests.debug.xcconfig */,
				E1209642DA28AF4A6EE361F6 /* Pods-iOSExerciseTests.release.xcconfig */,
				EEBBD2E791C425061623259B /* Pods-iOSExerciseUITests.debug.xcconfig */,
				115223DC49AA41CBFBC64BD6 /* Pods-iOSExerciseUITests.release.xcconfig */,
			);
			name = Pods;
			sourceTree = "<group>";
		};
		A0C52C9B20B1A060004337F8 = {
			isa = PBXGroup;
			children = (
				A0C52CA620B1A060004337F8 /* iOSExercise */,
				A0C52CBF20B1A061004337F8 /* iOSExerciseTests */,
				A0C52CCA20B1A061004337F8 /* iOSExerciseUITests */,
				A0C52CA520B1A060004337F8 /* Products */,
				9856756289BC1D9B290B9BFF /* Pods */,
				0F94A50089D7B9CD7425140F /* Frameworks */,
			);
			sourceTree = "<group>";
		};
		A0C52CA520B1A060004337F8 /* Products */ = {
			isa = PBXGroup;
			children = (
				A0C52CA420B1A060004337F8 /* iOSExercise.app */,
				A0C52CBC20B1A061004337F8 /* iOSExerciseTests.xctest */,
				A0C52CC720B1A061004337F8 /* iOSExerciseUITests.xctest */,
			);
			name = Products;
			sourceTree = "<group>";
		};
		A0C52CA620B1A060004337F8 /* iOSExercise */ = {
			isa = PBXGroup;
			children = (
				A0C52D0120B1B8A2004337F8 /* AppDelegate */,
				A0C52D0520B1B8B6004337F8 /* View */,
				A0C52D1720B1B984004337F8 /* Model */,
				A0C52CB020B1A060004337F8 /* Assets.xcassets */,
				A0C52CB220B1A060004337F8 /* LaunchScreen.storyboard */,
				A0C52CB520B1A060004337F8 /* Info.plist */,
				A0C52CB620B1A060004337F8 /* main.m */,
			);
			path = iOSExercise;
			sourceTree = "<group>";
		};
		A0C52CBF20B1A061004337F8 /* iOSExerciseTests */ = {
			isa = PBXGroup;
			children = (
				A0C52CC020B1A061004337F8 /* iOSExerciseTests.m */,
				A0C52CC220B1A061004337F8 /* Info.plist */,
			);
			path = iOSExerciseTests;
			sourceTree = "<group>";
		};
		A0C52CCA20B1A061004337F8 /* iOSExerciseUITests */ = {
			isa = PBXGroup;
			children = (
				A0C52CCB20B1A061004337F8 /* iOSExerciseUITests.m */,
				A0C52CCD20B1A061004337F8 /* Info.plist */,
			);
			path = iOSExerciseUITests;
			sourceTree = "<group>";
		};
		A0C52D0120B1B8A2004337F8 /* AppDelegate */ = {
			isa = PBXGroup;
			children = (
				A0C52D0220B1B8A2004337F8 /* AppDelegate.h */,
				A0C52D0320B1B8A2004337F8 /* AppDelegate.m */,
			);
			path = AppDelegate;
			sourceTree = "<group>";
		};
		A0C52D0520B1B8B6004337F8 /* View */ = {
			isa = PBXGroup;
			children = (
				A0C52D0620B1B8B6004337F8 /* DropboxContentViewController.h */,
				A0C52D0720B1B8B6004337F8 /* DropboxContentViewController.m */,
			);
			path = View;
			sourceTree = "<group>";
		};
		A0C52D1720B1B984004337F8 /* Model */ = {
			isa = PBXGroup;
			children = (
				A0C52D1A20B1B984004337F8 /* Dropbox.json */,
				A0C52D1820B1B984004337F8 /* DataContent.h */,
				A0C52D1920B1B984004337F8 /* DataContent.m */,
				A0C52D1D20B1B984004337F8 /* JsonData.h */,
				A0C52D1E20B1B984004337F8 /* JsonData.m */,
				A0C52D1B20B1B984004337F8 /* DropBoxTableViewCell.h */,
				A0C52D1C20B1B984004337F8 /* DropBoxTableViewCell.m */,
			);
			path = Model;
			sourceTree = "<group>";
		};
/* End PBXGroup section */

/* Begin PBXNativeTarget section */
		A0C52CA320B1A060004337F8 /* iOSExercise */ = {
			isa = PBXNativeTarget;
			buildConfigurationList = A0C52CD020B1A061004337F8 /* Build configuration list for PBXNativeTarget "iOSExercise" */;
			buildPhases = (
				D34ED5A8CBF40A2BB2112734 /* [CP] Check Pods Manifest.lock */,
				A0C52CA020B1A060004337F8 /* Sources */,
				A0C52CA120B1A060004337F8 /* Frameworks */,
				A0C52CA220B1A060004337F8 /* Resources */,
				1A0B559F4AFC160B9B76D237 /* [CP] Embed Pods Frameworks */,
				819FCC83B42C9AFA76341977 /* [CP] Copy Pods Resources */,
			);
			buildRules = (
			);
			dependencies = (
			);
			name = iOSExercise;
			productName = iOSExercise;
			productReference = A0C52CA420B1A060004337F8 /* iOSExercise.app */;
			productType = "com.apple.product-type.application";
		};
		A0C52CBB20B1A061004337F8 /* iOSExerciseTests */ = {
			isa = PBXNativeTarget;
			buildConfigurationList = A0C52CD320B1A061004337F8 /* Build configuration list for PBXNativeTarget "iOSExerciseTests" */;
			buildPhases = (
				05167239E9553371B90C1A38 /* [CP] Check Pods Manifest.lock */,
				A0C52CB820B1A061004337F8 /* Sources */,
				A0C52CB920B1A061004337F8 /* Frameworks */,
				A0C52CBA20B1A061004337F8 /* Resources */,
				9055B5B14AC014173BCC09BA /* [CP] Embed Pods Frameworks */,
				B53D71F7AC9102664B2CD1D3 /* [CP] Copy Pods Resources */,
			);
			buildRules = (
			);
			dependencies = (
				A0C52CBE20B1A061004337F8 /* PBXTargetDependency */,
			);
			name = iOSExerciseTests;
			productName = iOSExerciseTests;
			productReference = A0C52CBC20B1A061004337F8 /* iOSExerciseTests.xctest */;
			productType = "com.apple.product-type.bundle.unit-test";
		};
		A0C52CC620B1A061004337F8 /* iOSExerciseUITests */ = {
			isa = PBXNativeTarget;
			buildConfigurationList = A0C52CD620B1A061004337F8 /* Build configuration list for PBXNativeTarget "iOSExerciseUITests" */;
			buildPhases = (
				0EBB10E183D215DF9540F8C8 /* [CP] Check Pods Manifest.lock */,
				A0C52CC320B1A061004337F8 /* Sources */,
				A0C52CC420B1A061004337F8 /* Frameworks */,
				A0C52CC520B1A061004337F8 /* Resources */,
				8E549DA359B1FDB2B63A54FA /* [CP] Embed Pods Frameworks */,
				4605BA1788C8A98D9B0628DE /* [CP] Copy Pods Resources */,
			);
			buildRules = (
			);
			dependencies = (
				A0C52CC920B1A061004337F8 /* PBXTargetDependency */,
			);
			name = iOSExerciseUITests;
			productName = iOSExerciseUITests;
			productReference = A0C52CC720B1A061004337F8 /* iOSExerciseUITests.xctest */;
			productType = "com.apple.product-type.bundle.ui-testing";
		};
/* End PBXNativeTarget section */

/* Begin PBXProject section */
		A0C52C9C20B1A060004337F8 /* Project object */ = {
			isa = PBXProject;
			attributes = {
				LastUpgradeCheck = 0920;
				ORGANIZATIONNAME = Abc;
				TargetAttributes = {
					A0C52CA320B1A060004337F8 = {
						CreatedOnToolsVersion = 9.2;
						ProvisioningStyle = Automatic;
					};
					A0C52CBB20B1A061004337F8 = {
						CreatedOnToolsVersion = 9.2;
						ProvisioningStyle = Automatic;
						TestTargetID = A0C52CA320B1A060004337F8;
					};
					A0C52CC620B1A061004337F8 = {
						CreatedOnToolsVersion = 9.2;
						ProvisioningStyle = Automatic;
						TestTargetID = A0C52CA320B1A060004337F8;
					};
				};
			};
			buildConfigurationList = A0C52C9F20B1A060004337F8 /* Build configuration list for PBXProject "iOSExercise" */;
			compatibilityVersion = "Xcode 8.0";
			developmentRegion = en;
			hasScannedForEncodings = 0;
			knownRegions = (
				en,
				Base,
			);
			mainGroup = A0C52C9B20B1A060004337F8;
			productRefGroup = A0C52CA520B1A060004337F8 /* Products */;
			projectDirPath = "";
			projectRoot = "";
			targets = (
				A0C52CA320B1A060004337F8 /* iOSExercise */,
				A0C52CBB20B1A061004337F8 /* iOSExerciseTests */,
				A0C52CC620B1A061004337F8 /* iOSExerciseUITests */,
			);
		};
/* End PBXProject section */

/* Begin PBXResourcesBuildPhase section */
		A0C52CA220B1A060004337F8 /* Resources */ = {
			isa = PBXResourcesBuildPhase;
			buildActionMask = 2147483647;
			files = (
				A0C52CB420B1A060004337F8 /* LaunchScreen.storyboard in Resources */,
				A0C52CB120B1A060004337F8 /* Assets.xcassets in Resources */,
				A0C52D2020B1B984004337F8 /* Dropbox.json in Resources */,
			);
			runOnlyForDeploymentPostprocessing = 0;
		};
		A0C52CBA20B1A061004337F8 /* Resources */ = {
			isa = PBXResourcesBuildPhase;
			buildActionMask = 2147483647;
			files = (
			);
			runOnlyForDeploymentPostprocessing = 0;
		};
		A0C52CC520B1A061004337F8 /* Resources */ = {
			isa = PBXResourcesBuildPhase;
			buildActionMask = 2147483647;
			files = (
			);
			runOnlyForDeploymentPostprocessing = 0;
		};
/* End PBXResourcesBuildPhase section */

/* Begin PBXShellScriptBuildPhase section */
		05167239E9553371B90C1A38 /* [CP] Check Pods Manifest.lock */ = {
			isa = PBXShellScriptBuildPhase;
			buildActionMask = 2147483647;
			files = (
			);
			inputPaths = (
			);
			name = "[CP] Check Pods Manifest.lock";
			outputPaths = (
			);
			runOnlyForDeploymentPostprocessing = 0;
			shellPath = /bin/sh;
			shellScript = "diff \"${PODS_PODFILE_DIR_PATH}/Podfile.lock\" \"${PODS_ROOT}/Manifest.lock\" > /dev/null\nif [ $? != 0 ] ; then\n    # print error to STDERR\n    echo \"error: The sandbox is not in sync with the Podfile.lock. Run 'pod install' or update your CocoaPods installation.\" >&2\n    exit 1\nfi\n";
			showEnvVarsInLog = 0;
		};
		0EBB10E183D215DF9540F8C8 /* [CP] Check Pods Manifest.lock */ = {
			isa = PBXShellScriptBuildPhase;
			buildActionMask = 2147483647;
			files = (
			);
			inputPaths = (
			);
			name = "[CP] Check Pods Manifest.lock";
			outputPaths = (
			);
			runOnlyForDeploymentPostprocessing = 0;
			shellPath = /bin/sh;
			shellScript = "diff \"${PODS_PODFILE_DIR_PATH}/Podfile.lock\" \"${PODS_ROOT}/Manifest.lock\" > /dev/null\nif [ $? != 0 ] ; then\n    # print error to STDERR\n    echo \"error: The sandbox is not in sync with the Podfile.lock. Run 'pod install' or update your CocoaPods installation.\" >&2\n    exit 1\nfi\n";
			showEnvVarsInLog = 0;
		};
		1A0B559F4AFC160B9B76D237 /* [CP] Embed Pods Frameworks */ = {
			isa = PBXShellScriptBuildPhase;
			buildActionMask = 2147483647;
			files = (
			);
			inputPaths = (
			);
			name = "[CP] Embed Pods Frameworks";
			outputPaths = (
			);
			runOnlyForDeploymentPostprocessing = 0;
			shellPath = /bin/sh;
			shellScript = "\"${SRCROOT}/Pods/Target Support Files/Pods-iOSExercise/Pods-iOSExercise-frameworks.sh\"\n";
			showEnvVarsInLog = 0;
		};
		4605BA1788C8A98D9B0628DE /* [CP] Copy Pods Resources */ = {
			isa = PBXShellScriptBuildPhase;
			buildActionMask = 2147483647;
			files = (
			);
			inputPaths = (
			);
			name = "[CP] Copy Pods Resources";
			outputPaths = (
			);
			runOnlyForDeploymentPostprocessing = 0;
			shellPath = /bin/sh;
			shellScript = "\"${SRCROOT}/Pods/Target Support Files/Pods-iOSExerciseUITests/Pods-iOSExerciseUITests-resources.sh\"\n";
			showEnvVarsInLog = 0;
		};
		819FCC83B42C9AFA76341977 /* [CP] Copy Pods Resources */ = {
			isa = PBXShellScriptBuildPhase;
			buildActionMask = 2147483647;
			files = (
			);
			inputPaths = (
			);
			name = "[CP] Copy Pods Resources";
			outputPaths = (
			);
			runOnlyForDeploymentPostprocessing = 0;
			shellPath = /bin/sh;
			shellScript = "\"${SRCROOT}/Pods/Target Support Files/Pods-iOSExercise/Pods-iOSExercise-resources.sh\"\n";
			showEnvVarsInLog = 0;
		};
		8E549DA359B1FDB2B63A54FA /* [CP] Embed Pods Frameworks */ = {
			isa = PBXShellScriptBuildPhase;
			buildActionMask = 2147483647;
			files = (
			);
			inputPaths = (
			);
			name = "[CP] Embed Pods Frameworks";
			outputPaths = (
			);
			runOnlyForDeploymentPostprocessing = 0;
			shellPath = /bin/sh;
			shellScript = "\"${SRCROOT}/Pods/Target Support Files/Pods-iOSExerciseUITests/Pods-iOSExerciseUITests-frameworks.sh\"\n";
			showEnvVarsInLog = 0;
		};
		9055B5B14AC014173BCC09BA /* [CP] Embed Pods Frameworks */ = {
			isa = PBXShellScriptBuildPhase;
			buildActionMask = 2147483647;
			files = (
			);
			inputPaths = (
			);
			name = "[CP] Embed Pods Frameworks";
			outputPaths = (
			);
			runOnlyForDeploymentPostprocessing = 0;
			shellPath = /bin/sh;
			shellScript = "\"${SRCROOT}/Pods/Target Support Files/Pods-iOSExerciseTests/Pods-iOSExerciseTests-frameworks.sh\"\n";
			showEnvVarsInLog = 0;
		};
		B53D71F7AC9102664B2CD1D3 /* [CP] Copy Pods Resources */ = {
			isa = PBXShellScriptBuildPhase;
			buildActionMask = 2147483647;
			files = (
			);
			inputPaths = (
			);
			name = "[CP] Copy Pods Resources";
			outputPaths = (
			);
			runOnlyForDeploymentPostprocessing = 0;
			shellPath = /bin/sh;
			shellScript = "\"${SRCROOT}/Pods/Target Support Files/Pods-iOSExerciseTests/Pods-iOSExerciseTests-resources.sh\"\n";
			showEnvVarsInLog = 0;
		};
		D34ED5A8CBF40A2BB2112734 /* [CP] Check Pods Manifest.lock */ = {
			isa = PBXShellScriptBuildPhase;
			buildActionMask = 2147483647;
			files = (
			);
			inputPaths = (
			);
			name = "[CP] Check Pods Manifest.lock";
			outputPaths = (
			);
			runOnlyForDeploymentPostprocessing = 0;
			shellPath = /bin/sh;
			shellScript = "diff \"${PODS_PODFILE_DIR_PATH}/Podfile.lock\" \"${PODS_ROOT}/Manifest.lock\" > /dev/null\nif [ $? != 0 ] ; then\n    # print error to STDERR\n    echo \"error: The sandbox is not in sync with the Podfile.lock. Run 'pod install' or update your CocoaPods installation.\" >&2\n    exit 1\nfi\n";
			showEnvVarsInLog = 0;
		};
/* End PBXShellScriptBuildPhase section */

/* Begin PBXSourcesBuildPhase section */
		A0C52CA020B1A060004337F8 /* Sources */ = {
			isa = PBXSourcesBuildPhase;
			buildActionMask = 2147483647;
			files = (
				A0C52D0420B1B8A2004337F8 /* AppDelegate.m in Sources */,
				A0C52D1F20B1B984004337F8 /* DataContent.m in Sources */,
				A0C52D0920B1B8B6004337F8 /* DropboxContentViewController.m in Sources */,
				A0C52CB720B1A060004337F8 /* main.m in Sources */,
				A0C52D2120B1B984004337F8 /* DropBoxTableViewCell.m in Sources */,
				A0C52D2220B1B984004337F8 /* JsonData.m in Sources */,
			);
			runOnlyForDeploymentPostprocessing = 0;
		};
		A0C52CB820B1A061004337F8 /* Sources */ = {
			isa = PBXSourcesBuildPhase;
			buildActionMask = 2147483647;
			files = (
				A0C52CC120B1A061004337F8 /* iOSExerciseTests.m in Sources */,
			);
			runOnlyForDeploymentPostprocessing = 0;
		};
		A0C52CC320B1A061004337F8 /* Sources */ = {
			isa = PBXSourcesBuildPhase;
			buildActionMask = 2147483647;
			files = (
				A0C52CCC20B1A061004337F8 /* iOSExerciseUITests.m in Sources */,
			);
			runOnlyForDeploymentPostprocessing = 0;
		};
/* End PBXSourcesBuildPhase section */

/* Begin PBXTargetDependency section */
		A0C52CBE20B1A061004337F8 /* PBXTargetDependency */ = {
			isa = PBXTargetDependency;
			target = A0C52CA320B1A060004337F8 /* iOSExercise */;
			targetProxy = A0C52CBD20B1A061004337F8 /* PBXContainerItemProxy */;
		};
		A0C52CC920B1A061004337F8 /* PBXTargetDependency */ = {
			isa = PBXTargetDependency;
			target = A0C52CA320B1A060004337F8 /* iOSExercise */;
			targetProxy = A0C52CC820B1A061004337F8 /* PBXContainerItemProxy */;
		};
/* End PBXTargetDependency section */

/* Begin PBXVariantGroup section */
		A0C52CB220B1A060004337F8 /* LaunchScreen.storyboard */ = {
			isa = PBXVariantGroup;
			children = (
				A0C52CB320B1A060004337F8 /* Base */,
			);
			name = LaunchScreen.storyboard;
			sourceTree = "<group>";
		};
/* End PBXVariantGroup section */

/* Begin XCBuildConfiguration section */
		A0C52CCE20B1A061004337F8 /* Debug */ = {
			isa = XCBuildConfiguration;
			buildSettings = {
				ALWAYS_SEARCH_USER_PATHS = NO;
				CLANG_ANALYZER_NONNULL = YES;
				CLANG_ANALYZER_NUMBER_OBJECT_CONVERSION = YES_AGGRESSIVE;
				CLANG_CXX_LANGUAGE_STANDARD = "gnu++14";
				CLANG_CXX_LIBRARY = "libc++";
				CLANG_ENABLE_MODULES = YES;
				CLANG_ENABLE_OBJC_ARC = YES;
				CLANG_WARN_BLOCK_CAPTURE_AUTORELEASING = YES;
				CLANG_WARN_BOOL_CONVERSION = YES;
				CLANG_WARN_COMMA = YES;
				CLANG_WARN_CONSTANT_CONVERSION = YES;
				CLANG_WARN_DIRECT_OBJC_ISA_USAGE = YES_ERROR;
				CLANG_WARN_DOCUMENTATION_COMMENTS = YES;
				CLANG_WARN_EMPTY_BODY = YES;
				CLANG_WARN_ENUM_CONVERSION = YES;
				CLANG_WARN_INFINITE_RECURSION = YES;
				CLANG_WARN_INT_CONVERSION = YES;
				CLANG_WARN_NON_LITERAL_NULL_CONVERSION = YES;
				CLANG_WARN_OBJC_LITERAL_CONVERSION = YES;
				CLANG_WARN_OBJC_ROOT_CLASS = YES_ERROR;
				CLANG_WARN_RANGE_LOOP_ANALYSIS = YES;
				CLANG_WARN_STRICT_PROTOTYPES = YES;
				CLANG_WARN_SUSPICIOUS_MOVE = YES;
				CLANG_WARN_UNGUARDED_AVAILABILITY = YES_AGGRESSIVE;
				CLANG_WARN_UNREACHABLE_CODE = YES;
				CLANG_WARN__DUPLICATE_METHOD_MATCH = YES;
				CODE_SIGN_IDENTITY = "iPhone Developer";
				COPY_PHASE_STRIP = NO;
				DEBUG_INFORMATION_FORMAT = dwarf;
				ENABLE_STRICT_OBJC_MSGSEND = YES;
				ENABLE_TESTABILITY = YES;
				GCC_C_LANGUAGE_STANDARD = gnu11;
				GCC_DYNAMIC_NO_PIC = NO;
				GCC_NO_COMMON_BLOCKS = YES;
				GCC_OPTIMIZATION_LEVEL = 0;
				GCC_PREPROCESSOR_DEFINITIONS = (
					"DEBUG=1",
					"$(inherited)",
				);
				GCC_WARN_64_TO_32_BIT_CONVERSION = YES;
				GCC_WARN_ABOUT_RETURN_TYPE = YES_ERROR;
				GCC_WARN_UNDECLARED_SELECTOR = YES;
				GCC_WARN_UNINITIALIZED_AUTOS = YES_AGGRESSIVE;
				GCC_WARN_UNUSED_FUNCTION = YES;
				GCC_WARN_UNUSED_VARIABLE = YES;
				IPHONEOS_DEPLOYMENT_TARGET = 11.2;
				MTL_ENABLE_DEBUG_INFO = YES;
				ONLY_ACTIVE_ARCH = YES;
				SDKROOT = iphoneos;
			};
			name = Debug;
		};
		A0C52CCF20B1A061004337F8 /* Release */ = {
			isa = XCBuildConfiguration;
			buildSettings = {
				ALWAYS_SEARCH_USER_PATHS = NO;
				CLANG_ANALYZER_NONNULL = YES;
				CLANG_ANALYZER_NUMBER_OBJECT_CONVERSION = YES_AGGRESSIVE;
				CLANG_CXX_LANGUAGE_STANDARD = "gnu++14";
				CLANG_CXX_LIBRARY = "libc++";
				CLANG_ENABLE_MODULES = YES;
				CLANG_ENABLE_OBJC_ARC = YES;
				CLANG_WARN_BLOCK_CAPTURE_AUTORELEASING = YES;
				CLANG_WARN_BOOL_CONVERSION = YES;
				CLANG_WARN_COMMA = YES;
				CLANG_WARN_CONSTANT_CONVERSION = YES;
				CLANG_WARN_DIRECT_OBJC_ISA_USAGE = YES_ERROR;
				CLANG_WARN_DOCUMENTATION_COMMENTS = YES;
				CLANG_WARN_EMPTY_BODY = YES;
				CLANG_WARN_ENUM_CONVERSION = YES;
				CLANG_WARN_INFINITE_RECURSION = YES;
				CLANG_WARN_INT_CONVERSION = YES;
				CLANG_WARN_NON_LITERAL_NULL_CONVERSION = YES;
				CLANG_WARN_OBJC_LITERAL_CONVERSION = YES;
				CLANG_WARN_OBJC_ROOT_CLASS = YES_ERROR;
				CLANG_WARN_RANGE_LOOP_ANALYSIS = YES;
				CLANG_WARN_STRICT_PROTOTYPES = YES;
				CLANG_WARN_SUSPICIOUS_MOVE = YES;
				CLANG_WARN_UNGUARDED_AVAILABILITY = YES_AGGRESSIVE;
				CLANG_WARN_UNREACHABLE_CODE = YES;
				CLANG_WARN__DUPLICATE_METHOD_MATCH = YES;
				CODE_SIGN_IDENTITY = "iPhone Developer";
				COPY_PHASE_STRIP = NO;
				DEBUG_INFORMATION_FORMAT = "dwarf-with-dsym";
				ENABLE_NS_ASSERTIONS = NO;
				ENABLE_STRICT_OBJC_MSGSEND = YES;
				GCC_C_LANGUAGE_STANDARD = gnu11;
				GCC_NO_COMMON_BLOCKS = YES;
				GCC_WARN_64_TO_32_BIT_CONVERSION = YES;
				GCC_WARN_ABOUT_RETURN_TYPE = YES_ERROR;
				GCC_WARN_UNDECLARED_SELECTOR = YES;
				GCC_WARN_UNINITIALIZED_AUTOS = YES_AGGRESSIVE;
				GCC_WARN_UNUSED_FUNCTION = YES;
				GCC_WARN_UNUSED_VARIABLE = YES;
				IPHONEOS_DEPLOYMENT_TARGET = 11.2;
				MTL_ENABLE_DEBUG_INFO = NO;
				SDKROOT = iphoneos;
				VALIDATE_PRODUCT = YES;
			};
			name = Release;
		};
		A0C52CD120B1A061004337F8 /* Debug */ = {
			isa = XCBuildConfiguration;
			baseConfigurationReference = 1CA9A8761B7A8FD9B6F62AD6 /* Pods-iOSExercise.debug.xcconfig */;
			buildSettings = {
				ASSETCATALOG_COMPILER_APPICON_NAME = AppIcon;
				CODE_SIGN_STYLE = Automatic;
				INFOPLIST_FILE = iOSExercise/Info.plist;
				IPHONEOS_DEPLOYMENT_TARGET = 8.0;
				LD_RUNPATH_SEARCH_PATHS = "$(inherited) @executable_path/Frameworks";
				PRODUCT_BUNDLE_IDENTIFIER = com.Abc.iOSExercise;
				PRODUCT_NAME = "$(TARGET_NAME)";
				TARGETED_DEVICE_FAMILY = "1,2";
			};
			name = Debug;
		};
		A0C52CD220B1A061004337F8 /* Release */ = {
			isa = XCBuildConfiguration;
			baseConfigurationReference = 6B0972F3192CC46273FCBA21 /* Pods-iOSExercise.release.xcconfig */;
			buildSettings = {
				ASSETCATALOG_COMPILER_APPICON_NAME = AppIcon;
				CODE_SIGN_STYLE = Automatic;
				INFOPLIST_FILE = iOSExercise/Info.plist;
				IPHONEOS_DEPLOYMENT_TARGET = 8.0;
				LD_RUNPATH_SEARCH_PATHS = "$(inherited) @executable_path/Frameworks";
				PRODUCT_BUNDLE_IDENTIFIER = com.Abc.iOSExercise;
				PRODUCT_NAME = "$(TARGET_NAME)";
				TARGETED_DEVICE_FAMILY = "1,2";
			};
			name = Release;
		};
		A0C52CD420B1A061004337F8 /* Debug */ = {
			isa = XCBuildConfiguration;
			baseConfigurationReference = 2DB78E299676D34F08656139 /* Pods-iOSExerciseTests.debug.xcconfig */;
			buildSettings = {
				BUNDLE_LOADER = "$(TEST_HOST)";
				CODE_SIGN_STYLE = Automatic;
				INFOPLIST_FILE = iOSExerciseTests/Info.plist;
				LD_RUNPATH_SEARCH_PATHS = "$(inherited) @executable_path/Frameworks @loader_path/Frameworks";
				PRODUCT_BUNDLE_IDENTIFIER = com.Abc.iOSExerciseTests;
				PRODUCT_NAME = "$(TARGET_NAME)";
				TARGETED_DEVICE_FAMILY = "1,2";
				TEST_HOST = "$(BUILT_PRODUCTS_DIR)/iOSExercise.app/iOSExercise";
			};
			name = Debug;
		};
		A0C52CD520B1A061004337F8 /* Release */ = {
			isa = XCBuildConfiguration;
			baseConfigurationReference = E1209642DA28AF4A6EE361F6 /* Pods-iOSExerciseTests.release.xcconfig */;
			buildSettings = {
				BUNDLE_LOADER = "$(TEST_HOST)";
				CODE_SIGN_STYLE = Automatic;
				INFOPLIST_FILE = iOSExerciseTests/Info.plist;
				LD_RUNPATH_SEARCH_PATHS = "$(inherited) @executable_path/Frameworks @loader_path/Frameworks";
				PRODUCT_BUNDLE_IDENTIFIER = com.Abc.iOSExerciseTests;
				PRODUCT_NAME = "$(TARGET_NAME)";
				TARGETED_DEVICE_FAMILY = "1,2";
				TEST_HOST = "$(BUILT_PRODUCTS_DIR)/iOSExercise.app/iOSExercise";
			};
			name = Release;
		};
		A0C52CD720B1A061004337F8 /* Debug */ = {
			isa = XCBuildConfiguration;
			baseConfigurationReference = EEBBD2E791C425061623259B /* Pods-iOSExerciseUITests.debug.xcconfig */;
			buildSettings = {
				CODE_SIGN_STYLE = Automatic;
				INFOPLIST_FILE = iOSExerciseUITests/Info.plist;
				LD_RUNPATH_SEARCH_PATHS = "$(inherited) @executable_path/Frameworks @loader_path/Frameworks";
				PRODUCT_BUNDLE_IDENTIFIER = com.Abc.iOSExerciseUITests;
				PRODUCT_NAME = "$(TARGET_NAME)";
				TARGETED_DEVICE_FAMILY = "1,2";
				TEST_TARGET_NAME = iOSExercise;
			};
			name = Debug;
		};
		A0C52CD820B1A061004337F8 /* Release */ = {
			isa = XCBuildConfiguration;
			baseConfigurationReference = 115223DC49AA41CBFBC64BD6 /* Pods-iOSExerciseUITests.release.xcconfig */;
			buildSettings = {
				CODE_SIGN_STYLE = Automatic;
				INFOPLIST_FILE = iOSExerciseUITests/Info.plist;
				LD_RUNPATH_SEARCH_PATHS = "$(inherited) @executable_path/Frameworks @loader_path/Frameworks";
				PRODUCT_BUNDLE_IDENTIFIER = com.Abc.iOSExerciseUITests;
				PRODUCT_NAME = "$(TARGET_NAME)";
				TARGETED_DEVICE_FAMILY = "1,2";
				TEST_TARGET_NAME = iOSExercise;
			};
			name = Release;
		};
/* End XCBuildConfiguration section */

/* Begin XCConfigurationList section */
		A0C52C9F20B1A060004337F8 /* Build configuration list for PBXProject "iOSExercise" */ = {
			isa = XCConfigurationList;
			buildConfigurations = (
				A0C52CCE20B1A061004337F8 /* Debug */,
				A0C52CCF20B1A061004337F8 /* Release */,
			);
			defaultConfigurationIsVisible = 0;
			defaultConfigurationName = Release;
		};
		A0C52CD020B1A061004337F8 /* Build configuration list for PBXNativeTarget "iOSExercise" */ = {
			isa = XCConfigurationList;
			buildConfigurations = (
				A0C52CD120B1A061004337F8 /* Debug */,
				A0C52CD220B1A061004337F8 /* Release */,
			);
			defaultConfigurationIsVisible = 0;
			defaultConfigurationName = Release;
		};
		A0C52CD320B1A061004337F8 /* Build configuration list for PBXNativeTarget "iOSExerciseTests" */ = {
			isa = XCConfigurationList;
			buildConfigurations = (
				A0C52CD420B1A061004337F8 /* Debug */,
				A0C52CD520B1A061004337F8 /* Release */,
			);
			defaultConfigurationIsVisible = 0;
			defaultConfigurationName = Release;
		};
		A0C52CD620B1A061004337F8 /* Build configuration list for PBXNativeTarget "iOSExerciseUITests" */ = {
			isa = XCConfigurationList;
			buildConfigurations = (
				A0C52CD720B1A061004337F8 /* Debug */,
				A0C52CD820B1A061004337F8 /* Release */,
			);
			defaultConfigurationIsVisible = 0;
			defaultConfigurationName = Release;
		};
/* End XCConfigurationList section */
	};
	rootObject = A0C52C9C20B1A060004337F8 /* Project object */;
}
